// !$*UTF8*$!
{
	archiveVersion = 1;
	classes = {
	};
	objectVersion = 48;
	objects = {

/* Begin PBXBuildFile section */
		B1140B2B1FC9B774002370D6 /* SignPDFObject.m in Sources */ = {isa = PBXBuildFile; fileRef = B1140B2A1FC9B774002370D6 /* SignPDFObject.m */; };
		B19FAEC11FBEDB65000EB61B /* AppDelegate.m in Sources */ = {isa = PBXBuildFile; fileRef = B19FAEC01FBEDB65000EB61B /* AppDelegate.m */; };
		B19FAEC41FBEDB65000EB61B /* ViewController.m in Sources */ = {isa = PBXBuildFile; fileRef = B19FAEC31FBEDB65000EB61B /* ViewController.m */; };
		B19FAEC71FBEDB65000EB61B /* Main.storyboard in Resources */ = {isa = PBXBuildFile; fileRef = B19FAEC51FBEDB65000EB61B /* Main.storyboard */; };
		B19FAEC91FBEDB65000EB61B /* Assets.xcassets in Resources */ = {isa = PBXBuildFile; fileRef = B19FAEC81FBEDB65000EB61B /* Assets.xcassets */; };
		B19FAECC1FBEDB65000EB61B /* LaunchScreen.storyboard in Resources */ = {isa = PBXBuildFile; fileRef = B19FAECA1FBEDB65000EB61B /* LaunchScreen.storyboard */; };
		B19FAECF1FBEDB65000EB61B /* main.m in Sources */ = {isa = PBXBuildFile; fileRef = B19FAECE1FBEDB65000EB61B /* main.m */; };
		B19FAEFD1FC2AE87000EB61B /* ParsePDFObject.m in Sources */ = {isa = PBXBuildFile; fileRef = B19FAEFC1FC2AE87000EB61B /* ParsePDFObject.m */; };
/* End PBXBuildFile section */

/* Begin PBXFileReference section */
		B1140B291FC9B774002370D6 /* SignPDFObject.h */ = {isa = PBXFileReference; lastKnownFileType = sourcecode.c.h; path = SignPDFObject.h; sourceTree = "<group>"; };
		B1140B2A1FC9B774002370D6 /* SignPDFObject.m */ = {isa = PBXFileReference; lastKnownFileType = sourcecode.c.objc; path = SignPDFObject.m; sourceTree = "<group>"; };
		B19FAEBC1FBEDB65000EB61B /* PDF解析.app */ = {isa = PBXFileReference; explicitFileType = wrapper.application; includeInIndex = 0; path = "PDF解析.app"; sourceTree = BUILT_PRODUCTS_DIR; };
		B19FAEBF1FBEDB65000EB61B /* AppDelegate.h */ = {isa = PBXFileReference; lastKnownFileType = sourcecode.c.h; path = AppDelegate.h; sourceTree = "<group>"; };
		B19FAEC01FBEDB65000EB61B /* AppDelegate.m */ = {isa = PBXFileReference; lastKnownFileType = sourcecode.c.objc; path = AppDelegate.m; sourceTree = "<group>"; };
		B19FAEC21FBEDB65000EB61B /* ViewController.h */ = {isa = PBXFileReference; lastKnownFileType = sourcecode.c.h; path = ViewController.h; sourceTree = "<group>"; };
		B19FAEC31FBEDB65000EB61B /* ViewController.m */ = {isa = PBXFileReference; lastKnownFileType = sourcecode.c.objc; path = ViewController.m; sourceTree = "<group>"; };
		B19FAEC61FBEDB65000EB61B /* Base */ = {isa = PBXFileReference; lastKnownFileType = file.storyboard; name = Base; path = Base.lproj/Main.storyboard; sourceTree = "<group>"; };
		B19FAEC81FBEDB65000EB61B /* Assets.xcassets */ = {isa = PBXFileReference; lastKnownFileType = folder.assetcatalog; path = Assets.xcassets; sourceTree = "<group>"; };
		B19FAECB1FBEDB65000EB61B /* Base */ = {isa = PBXFileReference; lastKnownFileType = file.storyboard; name = Base; path = Base.lproj/LaunchScreen.storyboard; sourceTree = "<group>"; };
		B19FAECD1FBEDB65000EB61B /* Info.plist */ = {isa = PBXFileReference; lastKnownFileType = text.plist.xml; path = Info.plist; sourceTree = "<group>"; };
		B19FAECE1FBEDB65000EB61B /* main.m */ = {isa = PBXFileReference; lastKnownFileType = sourcecode.c.objc; path = main.m; sourceTree = "<group>"; };
		B19FAEFB1FC2AE87000EB61B /* ParsePDFObject.h */ = {isa = PBXFileReference; lastKnownFileType = sourcecode.c.h; path = ParsePDFObject.h; sourceTree = "<group>"; };
		B19FAEFC1FC2AE87000EB61B /* ParsePDFObject.m */ = {isa = PBXFileReference; lastKnownFileType = sourcecode.c.objc; path = ParsePDFObject.m; sourceTree = "<group>"; };
/* End PBXFileReference section */

/* Begin PBXFrameworksBuildPhase section */
		B19FAEB91FBEDB65000EB61B /* Frameworks */ = {
			isa = PBXFrameworksBuildPhase;
			buildActionMask = 2147483647;
			files = (
			);
			runOnlyForDeploymentPostprocessing = 0;
		};
/* End PBXFrameworksBuildPhase section */

/* Begin PBXGroup section */
		B19FAEB31FBEDB65000EB61B = {
			isa = PBXGroup;
			children = (
				B19FAEBE1FBEDB65000EB61B /* PDF解析 */,
				B19FAEBD1FBEDB65000EB61B /* Products */,
			);
			sourceTree = "<group>";
		};
		B19FAEBD1FBEDB65000EB61B /* Products */ = {
			isa = PBXGroup;
			children = (
				B19FAEBC1FBEDB65000EB61B /* PDF解析.app */,
			);
			name = Products;
			sourceTree = "<group>";
		};
		B19FAEBE1FBEDB65000EB61B /* PDF解析 */ = {
			isa = PBXGroup;
			children = (
				B19FAEBF1FBEDB65000EB61B /* AppDelegate.h */,
				B19FAEC01FBEDB65000EB61B /* AppDelegate.m */,
				B19FAEC21FBEDB65000EB61B /* ViewController.h */,
				B19FAEC31FBEDB65000EB61B /* ViewController.m */,
				B1140B291FC9B774002370D6 /* SignPDFObject.h */,
				B1140B2A1FC9B774002370D6 /* SignPDFObject.m */,
				B19FAEFB1FC2AE87000EB61B /* ParsePDFObject.h */,
				B19FAEFC1FC2AE87000EB61B /* ParsePDFObject.m */,
				B19FAEC51FBEDB65000EB61B /* Main.storyboard */,
				B19FAEC81FBEDB65000EB61B /* Assets.xcassets */,
				B19FAECA1FBEDB65000EB61B /* LaunchScreen.storyboard */,
				B19FAECD1FBEDB65000EB61B /* Info.plist */,
				B19FAECE1FBEDB65000EB61B /* main.m */,
			);
			path = "PDF解析";
			sourceTree = "<group>";
		};
/* End PBXGroup section */

/* Begin PBXNativeTarget section */
		B19FAEBB1FBEDB65000EB61B /* PDF解析 */ = {
			isa = PBXNativeTarget;
			buildConfigurationList = B19FAED21FBEDB65000EB61B /* Build configuration list for PBXNativeTarget "PDF解析" */;
			buildPhases = (
				B19FAEB81FBEDB65000EB61B /* Sources */,
				B19FAEB91FBEDB65000EB61B /* Frameworks */,
				B19FAEBA1FBEDB65000EB61B /* Resources */,
			);
			buildRules = (
			);
			dependencies = (
			);
			name = "PDF解析";
			productName = "PDF解析";
			productReference = B19FAEBC1FBEDB65000EB61B /* PDF解析.app */;
			productType = "com.apple.product-type.application";
		};
/* End PBXNativeTarget section */

/* Begin PBXProject section */
		B19FAEB41FBEDB65000EB61B /* Project object */ = {
			isa = PBXProject;
			attributes = {
				LastUpgradeCheck = 0910;
				ORGANIZATIONNAME = "番茄";
				TargetAttributes = {
					B19FAEBB1FBEDB65000EB61B = {
						CreatedOnToolsVersion = 9.1;
						ProvisioningStyle = Automatic;
					};
				};
			};
			buildConfigurationList = B19FAEB71FBEDB65000EB61B /* Build configuration list for PBXProject "PDF解析" */;
			compatibilityVersion = "Xcode 8.0";
			developmentRegion = en;
			hasScannedForEncodings = 0;
			knownRegions = (
				en,
				Base,
			);
			mainGroup = B19FAEB31FBEDB65000EB61B;
			productRefGroup = B19FAEBD1FBEDB65000EB61B /* Products */;
			projectDirPath = "";
			projectRoot = "";
			targets = (
				B19FAEBB1FBEDB65000EB61B /* PDF解析 */,
			);
		};
/* End PBXProject section */

/* Begin PBXResourcesBuildPhase section */
		B19FAEBA1FBEDB65000EB61B /* Resources */ = {
			isa = PBXResourcesBuildPhase;
			buildActionMask = 2147483647;
			files = (
				B19FAECC1FBEDB65000EB61B /* LaunchScreen.storyboard in Resources */,
				B19FAEC91FBEDB65000EB61B /* Assets.xcassets in Resources */,
				B19FAEC71FBEDB65000EB61B /* Main.storyboard in Resources */,
			);
			runOnlyForDeploymentPostprocessing = 0;
		};
/* End PBXResourcesBuildPhase section */

/* Begin PBXSourcesBuildPhase section */
		B19FAEB81FBEDB65000EB61B /* Sources */ = {
			isa = PBXSourcesBuildPhase;
			buildActionMask = 2147483647;
			files = (
				B19FAEC41FBEDB65000EB61B /* ViewController.m in Sources */,
				B19FAECF1FBEDB65000EB61B /* main.m in Sources */,
				B1140B2B1FC9B774002370D6 /* SignPDFObject.m in Sources */,
				B19FAEC11FBEDB65000EB61B /* AppDelegate.m in Sources */,
				B19FAEFD1FC2AE87000EB61B /* ParsePDFObject.m in Sources */,
			);
			runOnlyForDeploymentPostprocessing = 0;
		};
/* End PBXSourcesBuildPhase section */

/* Begin PBXVariantGroup section */
		B19FAEC51FBEDB65000EB61B /* Main.storyboard */ = {
			isa = PBXVariantGroup;
			children = (
				B19FAEC61FBEDB65000EB61B /* Base */,
			);
			name = Main.storyboard;
			sourceTree = "<group>";
		};
		B19FAECA1FBEDB65000EB61B /* LaunchScreen.storyboard */ = {
			isa = PBXVariantGroup;
			children = (
				B19FAECB1FBEDB65000EB61B /* Base */,
			);
			name = LaunchScreen.storyboard;
			sourceTree = "<group>";
		};
/* End PBXVariantGroup section */

/* Begin XCBuildConfiguration section */
		B19FAED01FBEDB65000EB61B /* Debug */ = {
			isa = XCBuildConfiguration;
			buildSettings = {
				ALWAYS_SEARCH_USER_PATHS = NO;
				CLANG_ANALYZER_NONNULL = YES;
				CLANG_ANALYZER_NUMBER_OBJECT_CONVERSION = YES_AGGRESSIVE;
				CLANG_CXX_LANGUAGE_STANDARD = "gnu++14";
				CLANG_CXX_LIBRARY = "libc++";
				CLANG_ENABLE_MODULES = YES;
				CLANG_ENABLE_OBJC_ARC = YES;
				CLANG_WARN_BLOCK_CAPTURE_AUTORELEASING = YES;
				CLANG_WARN_BOOL_CONVERSION = YES;
				CLANG_WARN_COMMA = YES;
				CLANG_WARN_CONSTANT_CONVERSION = YES;
				CLANG_WARN_DIRECT_OBJC_ISA_USAGE = YES_ERROR;
				CLANG_WARN_DOCUMENTATION_COMMENTS = YES;
				CLANG_WARN_EMPTY_BODY = YES;
				CLANG_WARN_ENUM_CONVERSION = YES;
				CLANG_WARN_INFINITE_RECURSION = YES;
				CLANG_WARN_INT_CONVERSION = YES;
				CLANG_WARN_NON_LITERAL_NULL_CONVERSION = YES;
				CLANG_WARN_OBJC_LITERAL_CONVERSION = YES;
				CLANG_WARN_OBJC_ROOT_CLASS = YES_ERROR;
				CLANG_WARN_RANGE_LOOP_ANALYSIS = YES;
				CLANG_WARN_STRICT_PROTOTYPES = YES;
				CLANG_WARN_SUSPICIOUS_MOVE = YES;
				CLANG_WARN_UNGUARDED_AVAILABILITY = YES_AGGRESSIVE;
				CLANG_WARN_UNREACHABLE_CODE = YES;
				CLANG_WARN__DUPLICATE_METHOD_MATCH = YES;
				CODE_SIGN_IDENTITY = "iPhone Developer";
				COPY_PHASE_STRIP = NO;
				DEBUG_INFORMATION_FORMAT = dwarf;
				ENABLE_STRICT_OBJC_MSGSEND = YES;
				ENABLE_TESTABILITY = YES;
				GCC_C_LANGUAGE_STANDARD = gnu11;
				GCC_DYNAMIC_NO_PIC = NO;
				GCC_NO_COMMON_BLOCKS = YES;
				GCC_OPTIMIZATION_LEVEL = 0;
				GCC_PREPROCESSOR_DEFINITIONS = (
					"DEBUG=1",
					"$(inherited)",
				);
				GCC_WARN_64_TO_32_BIT_CONVERSION = YES;
				GCC_WARN_ABOUT_RETURN_TYPE = YES_ERROR;
				GCC_WARN_UNDECLARED_SELECTOR = YES;
				GCC_WARN_UNINITIALIZED_AUTOS = YES_AGGRESSIVE;
				GCC_WARN_UNUSED_FUNCTION = YES;
				GCC_WARN_UNUSED_VARIABLE = YES;
				IPHONEOS_DEPLOYMENT_TARGET = 11.1;
				MTL_ENABLE_DEBUG_INFO = YES;
				ONLY_ACTIVE_ARCH = YES;
				SDKROOT = iphoneos;
			};
			name = Debug;
		};
		B19FAED11FBEDB65000EB61B /* Release */ = {
			isa = XCBuildConfiguration;
			buildSettings = {
				ALWAYS_SEARCH_USER_PATHS = NO;
				CLANG_ANALYZER_NONNULL = YES;
				CLANG_ANALYZER_NUMBER_OBJECT_CONVERSION = YES_AGGRESSIVE;
				CLANG_CXX_LANGUAGE_STANDARD = "gnu++14";
				CLANG_CXX_LIBRARY = "libc++";
				CLANG_ENABLE_MODULES = YES;
				CLANG_ENABLE_OBJC_ARC = YES;
				CLANG_WARN_BLOCK_CAPTURE_AUTORELEASING = YES;
				CLANG_WARN_BOOL_CONVERSION = YES;
				CLANG_WARN_COMMA = YES;
				CLANG_WARN_CONSTANT_CONVERSION = YES;
				CLANG_WARN_DIRECT_OBJC_ISA_USAGE = YES_ERROR;
				CLANG_WARN_DOCUMENTATION_COMMENTS = YES;
				CLANG_WARN_EMPTY_BODY = YES;
				CLANG_WARN_ENUM_CONVERSION = YES;
				CLANG_WARN_INFINITE_RECURSION = YES;
				CLANG_WARN_INT_CONVERSION = YES;
				CLANG_WARN_NON_LITERAL_NULL_CONVERSION = YES;
				CLANG_WARN_OBJC_LITERAL_CONVERSION = YES;
				CLANG_WARN_OBJC_ROOT_CLASS = YES_ERROR;
				CLANG_WARN_RANGE_LOOP_ANALYSIS = YES;
				CLANG_WARN_STRICT_PROTOTYPES = YES;
				CLANG_WARN_SUSPICIOUS_MOVE = YES;
				CLANG_WARN_UNGUARDED_AVAILABILITY = YES_AGGRESSIVE;
				CLANG_WARN_UNREACHABLE_CODE = YES;
				CLANG_WARN__DUPLICATE_METHOD_MATCH = YES;
				CODE_SIGN_IDENTITY = "iPhone Developer";
				COPY_PHASE_STRIP = NO;
				DEBUG_INFORMATION_FORMAT = "dwarf-with-dsym";
				ENABLE_NS_ASSERTIONS = NO;
				ENABLE_STRICT_OBJC_MSGSEND = YES;
				GCC_C_LANGUAGE_STANDARD = gnu11;
				GCC_NO_COMMON_BLOCKS = YES;
				GCC_WARN_64_TO_32_BIT_CONVERSION = YES;
				GCC_WARN_ABOUT_RETURN_TYPE = YES_ERROR;
				GCC_WARN_UNDECLARED_SELECTOR = YES;
				GCC_WARN_UNINITIALIZED_AUTOS = YES_AGGRESSIVE;
				GCC_WARN_UNUSED_FUNCTION = YES;
				GCC_WARN_UNUSED_VARIABLE = YES;
				IPHONEOS_DEPLOYMENT_TARGET = 11.1;
				MTL_ENABLE_DEBUG_INFO = NO;
				SDKROOT = iphoneos;
				VALIDATE_PRODUCT = YES;
			};
			name = Release;
		};
		B19FAED31FBEDB65000EB61B /* Debug */ = {
			isa = XCBuildConfiguration;
			buildSettings = {
				ASSETCATALOG_COMPILER_APPICON_NAME = AppIcon;
				CODE_SIGN_STYLE = Automatic;
				FRAMEWORK_SEARCH_PATHS = "";
				INFOPLIST_FILE = "PDF解析/Info.plist";
				LD_RUNPATH_SEARCH_PATHS = "$(inherited) @executable_path/Frameworks";
				PRODUCT_BUNDLE_IDENTIFIER = com.bw.PDF;
				PRODUCT_NAME = "$(TARGET_NAME)";
				TARGETED_DEVICE_FAMILY = "1,2";
			};
			name = Debug;
		};
		B19FAED41FBEDB65000EB61B /* Release */ = {
			isa = XCBuildConfiguration;
			buildSettings = {
				ASSETCATALOG_COMPILER_APPICON_NAME = AppIcon;
				CODE_SIGN_STYLE = Automatic;
				FRAMEWORK_SEARCH_PATHS = "";
				INFOPLIST_FILE = "PDF解析/Info.plist";
				LD_RUNPATH_SEARCH_PATHS = "$(inherited) @executable_path/Frameworks";
				PRODUCT_BUNDLE_IDENTIFIER = com.bw.PDF;
				PRODUCT_NAME = "$(TARGET_NAME)";
				TARGETED_DEVICE_FAMILY = "1,2";
			};
			name = Release;
		};
/* End XCBuildConfiguration section */

/* Begin XCConfigurationList section */
		B19FAEB71FBEDB65000EB61B /* Build configuration list for PBXProject "PDF解析" */ = {
			isa = XCConfigurationList;
			buildConfigurations = (
				B19FAED01FBEDB65000EB61B /* Debug */,
				B19FAED11FBEDB65000EB61B /* Release */,
			);
			defaultConfigurationIsVisible = 0;
			defaultConfigurationName = Release;
		};
		B19FAED21FBEDB65000EB61B /* Build configuration list for PBXNativeTarget "PDF解析" */ = {
			isa = XCConfigurationList;
			buildConfigurations = (
				B19FAED31FBEDB65000EB61B /* Debug */,
				B19FAED41FBEDB65000EB61B /* Release */,
			);
			defaultConfigurationIsVisible = 0;
			defaultConfigurationName = Release;
		};
/* End XCConfigurationList section */
	};
	rootObject = B19FAEB41FBEDB65000EB61B /* Project object */;
}
